
Microsoft Visual Studio Solution File, Format Version 12.00
# Visual Studio 15
VisualStudioVersion = 15.0.26124.0
MinimumVisualStudioVersion = 15.0.26124.0
Project("{FAE04EC0-301F-11D3-BF4B-00C04F79EFBC}") = "IdentityProvider", "IdentityProvider\IdentityProvider.csproj", "{6F8FDA4C-BE11-4755-AB45-39F31C697C58}"
EndProject
Project("{FAE04EC0-301F-11D3-BF4B-00C04F79EFBC}") = "Api", "Api\Api.csproj", "{30CC4243-AEF3-4074-9A84-D5A2EBFB064B}"
EndProject
Global
	GlobalSection(SolutionConfigurationPlatforms) = preSolution
		Debug|Any CPU = Debug|Any CPU
		Debug|x64 = Debug|x64
		Debug|x86 = Debug|x86
		Release|Any CPU = Release|Any CPU
		Release|x64 = Release|x64
		Release|x86 = Release|x86
	EndGlobalSection
	GlobalSection(SolutionProperties) = preSolution
		HideSolutionNode = FALSE
	EndGlobalSection
	GlobalSection(ProjectConfigurationPlatforms) = postSolution
		{6F8FDA4C-BE11-4755-AB45-39F31C697C58}.Debug|Any CPU.ActiveCfg = Debug|Any CPU
		{6F8FDA4C-BE11-4755-AB45-39F31C697C58}.Debug|Any CPU.Build.0 = Debug|Any CPU
		{6F8FDA4C-BE11-4755-AB45-39F31C697C58}.Debug|x64.ActiveCfg = Debug|Any CPU
		{6F8FDA4C-BE11-4755-AB45-39F31C697C58}.Debug|x64.Build.0 = Debug|Any CPU
		{6F8FDA4C-BE11-4755-AB45-39F31C697C58}.Debug|x86.ActiveCfg = Debug|Any CPU
		{6F8FDA4C-BE11-4755-AB45-39F31C697C58}.Debug|x86.Build.0 = Debug|Any CPU
		{6F8FDA4C-BE11-4755-AB45-39F31C697C58}.Release|Any CPU.ActiveCfg = Release|Any CPU
		{6F8FDA4C-BE11-4755-AB45-39F31C697C58}.Release|Any CPU.Build.0 = Release|Any CPU
		{6F8FDA4C-BE11-4755-AB45-39F31C697C58}.Release|x64.ActiveCfg = Release|Any CPU
		{6F8FDA4C-BE11-4755-AB45-39F31C697C58}.Release|x64.Build.0 = Release|Any CPU
		{6F8FDA4C-BE11-4755-AB45-39F31C697C58}.Release|x86.ActiveCfg = Release|Any CPU
		{6F8FDA4C-BE11-4755-AB45-39F31C697C58}.Release|x86.Build.0 = Release|Any CPU
		{30CC4243-AEF3-4074-9A84-D5A2EBFB064B}.Debug|Any CPU.ActiveCfg = Debug|Any CPU
		{30CC4243-AEF3-4074-9A84-D5A2EBFB064B}.Debug|Any CPU.Build.0 = Debug|Any CPU
		{30CC4243-AEF3-4074-9A84-D5A2EBFB064B}.Debug|x64.ActiveCfg = Debug|Any CPU
		{30CC4243-AEF3-4074-9A84-D5A2EBFB064B}.Debug|x64.Build.0 = Debug|Any CPU
		{30CC4243-AEF3-4074-9A84-D5A2EBFB064B}.Debug|x86.ActiveCfg = Debug|Any CPU
		{30CC4243-AEF3-4074-9A84-D5A2EBFB064B}.Debug|x86.Build.0 = Debug|Any CPU
		{30CC4243-AEF3-4074-9A84-D5A2EBFB064B}.Release|Any CPU.ActiveCfg = Release|Any CPU
		{30CC4243-AEF3-4074-9A84-D5A2EBFB064B}.Release|Any CPU.Build.0 = Release|Any CPU
		{30CC4243-AEF3-4074-9A84-D5A2EBFB064B}.Release|x64.ActiveCfg = Release|Any CPU
		{30CC4243-AEF3-4074-9A84-D5A2EBFB064B}.Release|x64.Build.0 = Release|Any CPU
		{30CC4243-AEF3-4074-9A84-D5A2EBFB064B}.Release|x86.ActiveCfg = Release|Any CPU
		{30CC4243-AEF3-4074-9A84-D5A2EBFB064B}.Release|x86.Build.0 = Release|Any CPU
	EndGlobalSection
EndGlobal
